{
  "dependencies": {
    "json-hash": {
      "version": "1.2.0",
      "resolved": "https://registry.npmjs.org/json-hash/-/json-hash-1.2.0.tgz",
      "from": "json-hash@>=1.1.0 <2.0.0"
    },
    "rus-diff": {
      "version": "1.1.0",
      "resolved": "https://registry.npmjs.org/rus-diff/-/rus-diff-1.1.0.tgz",
      "from": "rus-diff@1.1.0"
    }
  }
}
